// !$*UTF8*$!
{
	archiveVersion = 1;
	classes = {
	};
	objectVersion = 56;
	objects = {

/* Begin PBXBuildFile section */
		ACB6DF202C79C0C9008F4C71 /* AppDelegate.swift in Sources */ = {isa = PBXBuildFile; fileRef = ACB6DF1F2C79C0C9008F4C71 /* AppDelegate.swift */; };
		ACB6DF222C79C0C9008F4C71 /* SceneDelegate.swift in Sources */ = {isa = PBXBuildFile; fileRef = ACB6DF212C79C0C9008F4C71 /* SceneDelegate.swift */; };
		ACB6DF242C79C0C9008F4C71 /* ViewController.swift in Sources */ = {isa = PBXBuildFile; fileRef = ACB6DF232C79C0C9008F4C71 /* ViewController.swift */; };
		ACB6DF272C79C0C9008F4C71 /* Base in Resources */ = {isa = PBXBuildFile; fileRef = ACB6DF262C79C0C9008F4C71 /* Base */; };
		ACB6DF292C79C0CB008F4C71 /* Assets.xcassets in Resources */ = {isa = PBXBuildFile; fileRef = ACB6DF282C79C0CB008F4C71 /* Assets.xcassets */; };
		ACB6DF2C2C79C0CB008F4C71 /* Base in Resources */ = {isa = PBXBuildFile; fileRef = ACB6DF2B2C79C0CB008F4C71 /* Base */; };
		ACB6DF342C79D5EB008F4C71 /* GroupOrderAcceptViewController.swift in Sources */ = {isa = PBXBuildFile; fileRef = ACB6DF332C79D5EB008F4C71 /* GroupOrderAcceptViewController.swift */; };
		ACB6DF362C79FDF9008F4C71 /* LinkProvider.swift in Sources */ = {isa = PBXBuildFile; fileRef = ACB6DF352C79FDF9008F4C71 /* LinkProvider.swift */; };
/* End PBXBuildFile section */

/* Begin PBXFileReference section */
		ACB6DF1C2C79C0C9008F4C71 /* GroupOrderFoodExample.app */ = {isa = PBXFileReference; explicitFileType = wrapper.application; includeInIndex = 0; path = GroupOrderFoodExample.app; sourceTree = BUILT_PRODUCTS_DIR; };
		ACB6DF1F2C79C0C9008F4C71 /* AppDelegate.swift */ = {isa = PBXFileReference; lastKnownFileType = sourcecode.swift; path = AppDelegate.swift; sourceTree = "<group>"; };
		ACB6DF212C79C0C9008F4C71 /* SceneDelegate.swift */ = {isa = PBXFileReference; lastKnownFileType = sourcecode.swift; path = SceneDelegate.swift; sourceTree = "<group>"; };
		ACB6DF232C79C0C9008F4C71 /* ViewController.swift */ = {isa = PBXFileReference; lastKnownFileType = sourcecode.swift; path = ViewController.swift; sourceTree = "<group>"; };
		ACB6DF262C79C0C9008F4C71 /* Base */ = {isa = PBXFileReference; lastKnownFileType = file.storyboard; name = Base; path = Base.lproj/Main.storyboard; sourceTree = "<group>"; };
		ACB6DF282C79C0CB008F4C71 /* Assets.xcassets */ = {isa = PBXFileReference; lastKnownFileType = folder.assetcatalog; path = Assets.xcassets; sourceTree = "<group>"; };
		ACB6DF2B2C79C0CB008F4C71 /* Base */ = {isa = PBXFileReference; lastKnownFileType = file.storyboard; name = Base; path = Base.lproj/LaunchScreen.storyboard; sourceTree = "<group>"; };
		ACB6DF2D2C79C0CB008F4C71 /* Info.plist */ = {isa = PBXFileReference; lastKnownFileType = text.plist.xml; path = Info.plist; sourceTree = "<group>"; };
		ACB6DF332C79D5EB008F4C71 /* GroupOrderAcceptViewController.swift */ = {isa = PBXFileReference; lastKnownFileType = sourcecode.swift; path = GroupOrderAcceptViewController.swift; sourceTree = "<group>"; };
		ACB6DF352C79FDF9008F4C71 /* LinkProvider.swift */ = {isa = PBXFileReference; lastKnownFileType = sourcecode.swift; path = LinkProvider.swift; sourceTree = "<group>"; };
/* End PBXFileReference section */

/* Begin PBXFrameworksBuildPhase section */
		ACB6DF192C79C0C9008F4C71 /* Frameworks */ = {
			isa = PBXFrameworksBuildPhase;
			buildActionMask = 2147483647;
			files = (
			);
			runOnlyForDeploymentPostprocessing = 0;
		};
/* End PBXFrameworksBuildPhase section */

/* Begin PBXGroup section */
		ACB6DF132C79C0C9008F4C71 = {
			isa = PBXGroup;
			children = (
				ACB6DF1E2C79C0C9008F4C71 /* GroupOrderFoodExample */,
				ACB6DF1D2C79C0C9008F4C71 /* Products */,
			);
			sourceTree = "<group>";
		};
		ACB6DF1D2C79C0C9008F4C71 /* Products */ = {
			isa = PBXGroup;
			children = (
				ACB6DF1C2C79C0C9008F4C71 /* GroupOrderFoodExample.app */,
			);
			name = Products;
			sourceTree = "<group>";
		};
		ACB6DF1E2C79C0C9008F4C71 /* GroupOrderFoodExample */ = {
			isa = PBXGroup;
			children = (
				ACB6DF1F2C79C0C9008F4C71 /* AppDelegate.swift */,
				ACB6DF212C79C0C9008F4C71 /* SceneDelegate.swift */,
				ACB6DF232C79C0C9008F4C71 /* ViewController.swift */,
				ACB6DF252C79C0C9008F4C71 /* Main.storyboard */,
				ACB6DF282C79C0CB008F4C71 /* Assets.xcassets */,
				ACB6DF2A2C79C0CB008F4C71 /* LaunchScreen.storyboard */,
				ACB6DF2D2C79C0CB008F4C71 /* Info.plist */,
				ACB6DF332C79D5EB008F4C71 /* GroupOrderAcceptViewController.swift */,
				ACB6DF352C79FDF9008F4C71 /* LinkProvider.swift */,
			);
			path = GroupOrderFoodExample;
			sourceTree = "<group>";
		};
/* End PBXGroup section */

/* Begin PBXNativeTarget section */
		ACB6DF1B2C79C0C9008F4C71 /* GroupOrderFoodExample */ = {
			isa = PBXNativeTarget;
			buildConfigurationList = ACB6DF302C79C0CB008F4C71 /* Build configuration list for PBXNativeTarget "GroupOrderFoodExample" */;
			buildPhases = (
				ACB6DF182C79C0C9008F4C71 /* Sources */,
				ACB6DF192C79C0C9008F4C71 /* Frameworks */,
				ACB6DF1A2C79C0C9008F4C71 /* Resources */,
			);
			buildRules = (
			);
			dependencies = (
			);
			name = GroupOrderFoodExample;
			productName = ShareDropExample;
			productReference = ACB6DF1C2C79C0C9008F4C71 /* GroupOrderFoodExample.app */;
			productType = "com.apple.product-type.application";
		};
/* End PBXNativeTarget section */

/* Begin PBXProject section */
		ACB6DF142C79C0C9008F4C71 /* Project object */ = {
			isa = PBXProject;
			attributes = {
				BuildIndependentTargetsInParallel = 1;
				LastSwiftUpdateCheck = 1540;
				LastUpgradeCheck = 1540;
				TargetAttributes = {
					ACB6DF1B2C79C0C9008F4C71 = {
						CreatedOnToolsVersion = 15.4;
					};
				};
			};
			buildConfigurationList = ACB6DF172C79C0C9008F4C71 /* Build configuration list for PBXProject "GroupOrderFoodExample" */;
			compatibilityVersion = "Xcode 14.0";
			developmentRegion = en;
			hasScannedForEncodings = 0;
			knownRegions = (
				en,
				Base,
			);
			mainGroup = ACB6DF132C79C0C9008F4C71;
			productRefGroup = ACB6DF1D2C79C0C9008F4C71 /* Products */;
			projectDirPath = "";
			projectRoot = "";
			targets = (
				ACB6DF1B2C79C0C9008F4C71 /* GroupOrderFoodExample */,
			);
		};
/* End PBXProject section */

/* Begin PBXResourcesBuildPhase section */
		ACB6DF1A2C79C0C9008F4C71 /* Resources */ = {
			isa = PBXResourcesBuildPhase;
			buildActionMask = 2147483647;
			files = (
				ACB6DF292C79C0CB008F4C71 /* Assets.xcassets in Resources */,
				ACB6DF2C2C79C0CB008F4C71 /* Base in Resources */,
				ACB6DF272C79C0C9008F4C71 /* Base in Resources */,
			);
			runOnlyForDeploymentPostprocessing = 0;
		};
/* End PBXResourcesBuildPhase section */

/* Begin PBXSourcesBuildPhase section */
		ACB6DF182C79C0C9008F4C71 /* Sources */ = {
			isa = PBXSourcesBuildPhase;
			buildActionMask = 2147483647;
			files = (
				ACB6DF362C79FDF9008F4C71 /* LinkProvider.swift in Sources */,
				ACB6DF242C79C0C9008F4C71 /* ViewController.swift in Sources */,
				ACB6DF202C79C0C9008F4C71 /* AppDelegate.swift in Sources */,
				ACB6DF222C79C0C9008F4C71 /* SceneDelegate.swift in Sources */,
				ACB6DF342C79D5EB008F4C71 /* GroupOrderAcceptViewController.swift in Sources */,
			);
			runOnlyForDeploymentPostprocessing = 0;
		};
/* End PBXSourcesBuildPhase section */

/* Begin PBXVariantGroup section */
		ACB6DF252C79C0C9008F4C71 /* Main.storyboard */ = {
			isa = PBXVariantGroup;
			children = (
				ACB6DF262C79C0C9008F4C71 /* Base */,
			);
			name = Main.storyboard;
			sourceTree = "<group>";
		};
		ACB6DF2A2C79C0CB008F4C71 /* LaunchScreen.storyboard */ = {
			isa = PBXVariantGroup;
			children = (
				ACB6DF2B2C79C0CB008F4C71 /* Base */,
			);
			name = LaunchScreen.storyboard;
			sourceTree = "<group>";
		};
/* End PBXVariantGroup section */

/* Begin XCBuildConfiguration section */
		ACB6DF2E2C79C0CB008F4C71 /* Debug */ = {
			isa = XCBuildConfiguration;
			buildSettings = {
				ALWAYS_SEARCH_USER_PATHS = NO;
				ASSETCATALOG_COMPILER_GENERATE_SWIFT_ASSET_SYMBOL_EXTENSIONS = YES;
				CLANG_ANALYZER_NONNULL = YES;
				CLANG_ANALYZER_NUMBER_OBJECT_CONVERSION = YES_AGGRESSIVE;
				CLANG_CXX_LANGUAGE_STANDARD = "gnu++20";
				CLANG_ENABLE_MODULES = YES;
				CLANG_ENABLE_OBJC_ARC = YES;
				CLANG_ENABLE_OBJC_WEAK = YES;
				CLANG_WARN_BLOCK_CAPTURE_AUTORELEASING = YES;
				CLANG_WARN_BOOL_CONVERSION = YES;
				CLANG_WARN_COMMA = YES;
				CLANG_WARN_CONSTANT_CONVERSION = YES;
				CLANG_WARN_DEPRECATED_OBJC_IMPLEMENTATIONS = YES;
				CLANG_WARN_DIRECT_OBJC_ISA_USAGE = YES_ERROR;
				CLANG_WARN_DOCUMENTATION_COMMENTS = YES;
				CLANG_WARN_EMPTY_BODY = YES;
				CLANG_WARN_ENUM_CONVERSION = YES;
				CLANG_WARN_INFINITE_RECURSION = YES;
				CLANG_WARN_INT_CONVERSION = YES;
				CLANG_WARN_NON_LITERAL_NULL_CONVERSION = YES;
				CLANG_WARN_OBJC_IMPLICIT_RETAIN_SELF = YES;
				CLANG_WARN_OBJC_LITERAL_CONVERSION = YES;
				CLANG_WARN_OBJC_ROOT_CLASS = YES_ERROR;
				CLANG_WARN_QUOTED_INCLUDE_IN_FRAMEWORK_HEADER = YES;
				CLANG_WARN_RANGE_LOOP_ANALYSIS = YES;
				CLANG_WARN_STRICT_PROTOTYPES = YES;
				CLANG_WARN_SUSPICIOUS_MOVE = YES;
				CLANG_WARN_UNGUARDED_AVAILABILITY = YES_AGGRESSIVE;
				CLANG_WARN_UNREACHABLE_CODE = YES;
				CLANG_WARN__DUPLICATE_METHOD_MATCH = YES;
				COPY_PHASE_STRIP = NO;
				DEBUG_INFORMATION_FORMAT = dwarf;
				ENABLE_STRICT_OBJC_MSGSEND = YES;
				ENABLE_TESTABILITY = YES;
				ENABLE_USER_SCRIPT_SANDBOXING = YES;
				GCC_C_LANGUAGE_STANDARD = gnu17;
				GCC_DYNAMIC_NO_PIC = NO;
				GCC_NO_COMMON_BLOCKS = YES;
				GCC_OPTIMIZATION_LEVEL = 0;
				GCC_PREPROCESSOR_DEFINITIONS = (
					"DEBUG=1",
					"$(inherited)",
				);
				GCC_WARN_64_TO_32_BIT_CONVERSION = YES;
				GCC_WARN_ABOUT_RETURN_TYPE = YES_ERROR;
				GCC_WARN_UNDECLARED_SELECTOR = YES;
				GCC_WARN_UNINITIALIZED_AUTOS = YES_AGGRESSIVE;
				GCC_WARN_UNUSED_FUNCTION = YES;
				GCC_WARN_UNUSED_VARIABLE = YES;
				IPHONEOS_DEPLOYMENT_TARGET = 17.5;
				LOCALIZATION_PREFERS_STRING_CATALOGS = YES;
				MTL_ENABLE_DEBUG_INFO = INCLUDE_SOURCE;
				MTL_FAST_MATH = YES;
				ONLY_ACTIVE_ARCH = YES;
				SDKROOT = iphoneos;
				SWIFT_ACTIVE_COMPILATION_CONDITIONS = "DEBUG $(inherited)";
				SWIFT_OPTIMIZATION_LEVEL = "-Onone";
			};
			name = Debug;
		};
		ACB6DF2F2C79C0CB008F4C71 /* Release */ = {
			isa = XCBuildConfiguration;
			buildSettings = {
				ALWAYS_SEARCH_USER_PATHS = NO;
				ASSETCATALOG_COMPILER_GENERATE_SWIFT_ASSET_SYMBOL_EXTENSIONS = YES;
				CLANG_ANALYZER_NONNULL = YES;
				CLANG_ANALYZER_NUMBER_OBJECT_CONVERSION = YES_AGGRESSIVE;
				CLANG_CXX_LANGUAGE_STANDARD = "gnu++20";
				CLANG_ENABLE_MODULES = YES;
				CLANG_ENABLE_OBJC_ARC = YES;
				CLANG_ENABLE_OBJC_WEAK = YES;
				CLANG_WARN_BLOCK_CAPTURE_AUTORELEASING = YES;
				CLANG_WARN_BOOL_CONVERSION = YES;
				CLANG_WARN_COMMA = YES;
				CLANG_WARN_CONSTANT_CONVERSION = YES;
				CLANG_WARN_DEPRECATED_OBJC_IMPLEMENTATIONS = YES;
				CLANG_WARN_DIRECT_OBJC_ISA_USAGE = YES_ERROR;
				CLANG_WARN_DOCUMENTATION_COMMENTS = YES;
				CLANG_WARN_EMPTY_BODY = YES;
				CLANG_WARN_ENUM_CONVERSION = YES;
				CLANG_WARN_INFINITE_RECURSION = YES;
				CLANG_WARN_INT_CONVERSION = YES;
				CLANG_WARN_NON_LITERAL_NULL_CONVERSION = YES;
				CLANG_WARN_OBJC_IMPLICIT_RETAIN_SELF = YES;
				CLANG_WARN_OBJC_LITERAL_CONVERSION = YES;
				CLANG_WARN_OBJC_ROOT_CLASS = YES_ERROR;
				CLANG_WARN_QUOTED_INCLUDE_IN_FRAMEWORK_HEADER = YES;
				CLANG_WARN_RANGE_LOOP_ANALYSIS = YES;
				CLANG_WARN_STRICT_PROTOTYPES = YES;
				CLANG_WARN_SUSPICIOUS_MOVE = YES;
				CLANG_WARN_UNGUARDED_AVAILABILITY = YES_AGGRESSIVE;
				CLANG_WARN_UNREACHABLE_CODE = YES;
				CLANG_WARN__DUPLICATE_METHOD_MATCH = YES;
				COPY_PHASE_STRIP = NO;
				DEBUG_INFORMATION_FORMAT = "dwarf-with-dsym";
				ENABLE_NS_ASSERTIONS = NO;
				ENABLE_STRICT_OBJC_MSGSEND = YES;
				ENABLE_USER_SCRIPT_SANDBOXING = YES;
				GCC_C_LANGUAGE_STANDARD = gnu17;
				GCC_NO_COMMON_BLOCKS = YES;
				GCC_WARN_64_TO_32_BIT_CONVERSION = YES;
				GCC_WARN_ABOUT_RETURN_TYPE = YES_ERROR;
				GCC_WARN_UNDECLARED_SELECTOR = YES;
				GCC_WARN_UNINITIALIZED_AUTOS = YES_AGGRESSIVE;
				GCC_WARN_UNUSED_FUNCTION = YES;
				GCC_WARN_UNUSED_VARIABLE = YES;
				IPHONEOS_DEPLOYMENT_TARGET = 17.5;
				LOCALIZATION_PREFERS_STRING_CATALOGS = YES;
				MTL_ENABLE_DEBUG_INFO = NO;
				MTL_FAST_MATH = YES;
				SDKROOT = iphoneos;
				SWIFT_COMPILATION_MODE = wholemodule;
				VALIDATE_PRODUCT = YES;
			};
			name = Release;
		};
		ACB6DF312C79C0CB008F4C71 /* Debug */ = {
			isa = XCBuildConfiguration;
			buildSettings = {
				ASSETCATALOG_COMPILER_APPICON_NAME = AppIcon;
				ASSETCATALOG_COMPILER_GLOBAL_ACCENT_COLOR_NAME = AccentColor;
				CODE_SIGN_IDENTITY = "Apple Development";
				CODE_SIGN_STYLE = Automatic;
				CURRENT_PROJECT_VERSION = 1;
				DEVELOPMENT_TEAM = 4SGT3NL8FJ;
				GENERATE_INFOPLIST_FILE = YES;
				INFOPLIST_FILE = GroupOrderFoodExample/Info.plist;
				INFOPLIST_KEY_UIApplicationSupportsIndirectInputEvents = YES;
				INFOPLIST_KEY_UILaunchStoryboardName = LaunchScreen;
				INFOPLIST_KEY_UIMainStoryboardFile = Main;
				INFOPLIST_KEY_UISupportedInterfaceOrientations_iPad = "UIInterfaceOrientationPortrait UIInterfaceOrientationPortraitUpsideDown UIInterfaceOrientationLandscapeLeft UIInterfaceOrientationLandscapeRight";
				INFOPLIST_KEY_UISupportedInterfaceOrientations_iPhone = "UIInterfaceOrientationPortrait UIInterfaceOrientationLandscapeLeft UIInterfaceOrientationLandscapeRight";
				LD_RUNPATH_SEARCH_PATHS = (
					"$(inherited)",
					"@executable_path/Frameworks",
				);
				MARKETING_VERSION = 1.0;
				PRODUCT_BUNDLE_IDENTIFIER = com.sagardagdu.GroupOrderFoodExample;
				PRODUCT_NAME = "$(TARGET_NAME)";
				PROVISIONING_PROFILE_SPECIFIER = "";
				SWIFT_EMIT_LOC_STRINGS = YES;
				SWIFT_VERSION = 5.0;
				TARGETED_DEVICE_FAMILY = "1,2";
			};
			name = Debug;
		};
		ACB6DF322C79C0CB008F4C71 /* Release */ = {
			isa = XCBuildConfiguration;
			buildSettings = {
				ASSETCATALOG_COMPILER_APPICON_NAME = AppIcon;
				ASSETCATALOG_COMPILER_GLOBAL_ACCENT_COLOR_NAME = AccentColor;
				CODE_SIGN_IDENTITY = "Apple Development";
				CODE_SIGN_STYLE = Automatic;
				CURRENT_PROJECT_VERSION = 1;
				DEVELOPMENT_TEAM = 4SGT3NL8FJ;
				GENERATE_INFOPLIST_FILE = YES;
				INFOPLIST_FILE = GroupOrderFoodExample/Info.plist;
				INFOPLIST_KEY_UIApplicationSupportsIndirectInputEvents = YES;
				INFOPLIST_KEY_UILaunchStoryboardName = LaunchScreen;
				INFOPLIST_KEY_UIMainStoryboardFile = Main;
				INFOPLIST_KEY_UISupportedInterfaceOrientations_iPad = "UIInterfaceOrientationPortrait UIInterfaceOrientationPortraitUpsideDown UIInterfaceOrientationLandscapeLeft UIInterfaceOrientationLandscapeRight";
				INFOPLIST_KEY_UISupportedInterfaceOrientations_iPhone = "UIInterfaceOrientationPortrait UIInterfaceOrientationLandscapeLeft UIInterfaceOrientationLandscapeRight";
				LD_RUNPATH_SEARCH_PATHS = (
					"$(inherited)",
					"@executable_path/Frameworks",
				);
				MARKETING_VERSION = 1.0;
				PRODUCT_BUNDLE_IDENTIFIER = com.sagardagdu.GroupOrderFoodExample;
				PRODUCT_NAME = "$(TARGET_NAME)";
				PROVISIONING_PROFILE_SPECIFIER = "";
				SWIFT_EMIT_LOC_STRINGS = YES;
				SWIFT_VERSION = 5.0;
				TARGETED_DEVICE_FAMILY = "1,2";
			};
			name = Release;
		};
/* End XCBuildConfiguration section */

/* Begin XCConfigurationList section */
		ACB6DF172C79C0C9008F4C71 /* Build configuration list for PBXProject "GroupOrderFoodExample" */ = {
			isa = XCConfigurationList;
			buildConfigurations = (
				ACB6DF2E2C79C0CB008F4C71 /* Debug */,
				ACB6DF2F2C79C0CB008F4C71 /* Release */,
			);
			defaultConfigurationIsVisible = 0;
			defaultConfigurationName = Release;
		};
		ACB6DF302C79C0CB008F4C71 /* Build configuration list for PBXNativeTarget "GroupOrderFoodExample" */ = {
			isa = XCConfigurationList;
			buildConfigurations = (
				ACB6DF312C79C0CB008F4C71 /* Debug */,
				ACB6DF322C79C0CB008F4C71 /* Release */,
			);
			defaultConfigurationIsVisible = 0;
			defaultConfigurationName = Release;
		};
/* End XCConfigurationList section */
	};
	rootObject = ACB6DF142C79C0C9008F4C71 /* Project object */;
}
